// !$*UTF8*$!
{
	archiveVersion = 1;
	classes = {
	};
	objectVersion = 51;
	objects = {

/* Begin PBXBuildFile section */
		112C9525262C6B7F005A7788 /* Constant.swift in Sources */ = {isa = PBXBuildFile; fileRef = 112C9523262C6B7F005A7788 /* Constant.swift */; };
		112C9526262C6B7F005A7788 /* MessageConstent.swift in Sources */ = {isa = PBXBuildFile; fileRef = 112C9524262C6B7F005A7788 /* MessageConstent.swift */; };
		112C9529262C6B8D005A7788 /* AppDelegate.swift in Sources */ = {isa = PBXBuildFile; fileRef = 112C9528262C6B8D005A7788 /* AppDelegate.swift */; };
		112C9540262C6D1F005A7788 /* NetWorkErrorView.xib in Resources */ = {isa = PBXBuildFile; fileRef = 112C953E262C6D1F005A7788 /* NetWorkErrorView.xib */; };
		112C9541262C6D1F005A7788 /* NetWorkErrorView.swift in Sources */ = {isa = PBXBuildFile; fileRef = 112C953F262C6D1F005A7788 /* NetWorkErrorView.swift */; };
		112C9546262C6E47005A7788 /* network_error.json in Resources */ = {isa = PBXBuildFile; fileRef = 112C9545262C6E47005A7788 /* network_error.json */; };
		112C9553262C6ED6005A7788 /* CustomNavigationGeneralView.xib in Resources */ = {isa = PBXBuildFile; fileRef = 112C954F262C6ED6005A7788 /* CustomNavigationGeneralView.xib */; };
		112C9554262C6ED6005A7788 /* CustomNavigationView.swift in Sources */ = {isa = PBXBuildFile; fileRef = 112C9550262C6ED6005A7788 /* CustomNavigationView.swift */; };
		112C9555262C6ED6005A7788 /* CustomNavigationView.xib in Resources */ = {isa = PBXBuildFile; fileRef = 112C9551262C6ED6005A7788 /* CustomNavigationView.xib */; };
		112C9556262C6ED6005A7788 /* CustomNavigationGeneralView.swift in Sources */ = {isa = PBXBuildFile; fileRef = 112C9552262C6ED6005A7788 /* CustomNavigationGeneralView.swift */; };
		112C955A262C6F02005A7788 /* CommonCellTableViewCell.swift in Sources */ = {isa = PBXBuildFile; fileRef = 112C9559262C6F02005A7788 /* CommonCellTableViewCell.swift */; };
		112C9561262C6F5D005A7788 /* BlogVC.swift in Sources */ = {isa = PBXBuildFile; fileRef = 112C9560262C6F5D005A7788 /* BlogVC.swift */; };
		112C9569262C6F6C005A7788 /* LaunchScreen.storyboard in Resources */ = {isa = PBXBuildFile; fileRef = 112C9565262C6F6C005A7788 /* LaunchScreen.storyboard */; };
		112C956A262C6F6C005A7788 /* Main.storyboard in Resources */ = {isa = PBXBuildFile; fileRef = 112C9567262C6F6C005A7788 /* Main.storyboard */; };
		112C956F262C6F87005A7788 /* USA_Sport_Zone.xcdatamodeld in Sources */ = {isa = PBXBuildFile; fileRef = 112C956D262C6F87005A7788 /* USA_Sport_Zone.xcdatamodeld */; };
		112C9573262C6FC3005A7788 /* Assets.xcassets in Resources */ = {isa = PBXBuildFile; fileRef = 112C9572262C6FC3005A7788 /* Assets.xcassets */; };
		112C9577262C7046005A7788 /* WebServiceOperation.swift in Sources */ = {isa = PBXBuildFile; fileRef = 112C9575262C7046005A7788 /* WebServiceOperation.swift */; };
		112C9578262C7046005A7788 /* MyWebServiceOperation.swift in Sources */ = {isa = PBXBuildFile; fileRef = 112C9576262C7046005A7788 /* MyWebServiceOperation.swift */; };
		112C9580262C70C8005A7788 /* CustomActivityIndicator.xib in Resources */ = {isa = PBXBuildFile; fileRef = 112C957B262C70C8005A7788 /* CustomActivityIndicator.xib */; };
		112C9581262C70C8005A7788 /* ClassExtension.swift in Sources */ = {isa = PBXBuildFile; fileRef = 112C957C262C70C8005A7788 /* ClassExtension.swift */; };
		112C9582262C70C8005A7788 /* CustomActivityIndicator.swift in Sources */ = {isa = PBXBuildFile; fileRef = 112C957D262C70C8005A7788 /* CustomActivityIndicator.swift */; };
		112C9583262C70C8005A7788 /* CustomAdaptiveView.swift in Sources */ = {isa = PBXBuildFile; fileRef = 112C957E262C70C8005A7788 /* CustomAdaptiveView.swift */; };
		112C9584262C70C8005A7788 /* Rechability.swift in Sources */ = {isa = PBXBuildFile; fileRef = 112C957F262C70C8005A7788 /* Rechability.swift */; };
		11848632262D37B60077328A /* designableLabel.swift in Sources */ = {isa = PBXBuildFile; fileRef = 1184862E262D37B60077328A /* designableLabel.swift */; };
		11848633262D37B60077328A /* designableImage.swift in Sources */ = {isa = PBXBuildFile; fileRef = 1184862F262D37B60077328A /* designableImage.swift */; };
		11848634262D37B60077328A /* designableButton.swift in Sources */ = {isa = PBXBuildFile; fileRef = 11848630262D37B60077328A /* designableButton.swift */; };
		11848635262D37B60077328A /* designableClass.swift in Sources */ = {isa = PBXBuildFile; fileRef = 11848631262D37B60077328A /* designableClass.swift */; };
		11848641262D38C60077328A /* ReletedProductCollectionViewCell.swift in Sources */ = {isa = PBXBuildFile; fileRef = 11848639262D38C60077328A /* ReletedProductCollectionViewCell.swift */; };
		11848642262D38C60077328A /* ReletedProductCollectionViewCell.xib in Resources */ = {isa = PBXBuildFile; fileRef = 1184863A262D38C60077328A /* ReletedProductCollectionViewCell.xib */; };
		11848643262D38C60077328A /* MainItemCollectionViewCell.xib in Resources */ = {isa = PBXBuildFile; fileRef = 1184863B262D38C60077328A /* MainItemCollectionViewCell.xib */; };
		11848644262D38C60077328A /* ProductCell.swift in Sources */ = {isa = PBXBuildFile; fileRef = 1184863C262D38C60077328A /* ProductCell.swift */; };
		11848645262D38C60077328A /* MainItemCollectionViewCell.swift in Sources */ = {isa = PBXBuildFile; fileRef = 1184863D262D38C60077328A /* MainItemCollectionViewCell.swift */; };
		11848646262D38C60077328A /* ShopByCategoryItemCollectionViewCell.xib in Resources */ = {isa = PBXBuildFile; fileRef = 1184863E262D38C60077328A /* ShopByCategoryItemCollectionViewCell.xib */; };
		11848647262D38C60077328A /* ProductCell.xib in Resources */ = {isa = PBXBuildFile; fileRef = 1184863F262D38C60077328A /* ProductCell.xib */; };
		11848648262D38C60077328A /* ShopByCategoryItemCollectionViewCell.swift in Sources */ = {isa = PBXBuildFile; fileRef = 11848640262D38C60077328A /* ShopByCategoryItemCollectionViewCell.swift */; };
		1184864E262D38D50077328A /* SingleImageLblCell.swift in Sources */ = {isa = PBXBuildFile; fileRef = 1184864A262D38D50077328A /* SingleImageLblCell.swift */; };
		1184864F262D38D50077328A /* MainProductTableViewCell.xib in Resources */ = {isa = PBXBuildFile; fileRef = 1184864B262D38D50077328A /* MainProductTableViewCell.xib */; };
		11848650262D38D50077328A /* SingleImageLblCell.xib in Resources */ = {isa = PBXBuildFile; fileRef = 1184864C262D38D50077328A /* SingleImageLblCell.xib */; };
		11848651262D38D50077328A /* MainProductTableViewCell.swift in Sources */ = {isa = PBXBuildFile; fileRef = 1184864D262D38D50077328A /* MainProductTableViewCell.swift */; };
		11848655262D4A630077328A /* CategoryColCell.swift in Sources */ = {isa = PBXBuildFile; fileRef = 11848653262D4A630077328A /* CategoryColCell.swift */; };
		11848656262D4A630077328A /* CategoryColCell.xib in Resources */ = {isa = PBXBuildFile; fileRef = 11848654262D4A630077328A /* CategoryColCell.xib */; };
		118F023B262DBE1800A3600B /* ProductByCategoryColCell.swift in Sources */ = {isa = PBXBuildFile; fileRef = 118F0239262DBE1800A3600B /* ProductByCategoryColCell.swift */; };
		118F023C262DBE1800A3600B /* ProductByCategoryColCell.xib in Resources */ = {isa = PBXBuildFile; fileRef = 118F023A262DBE1800A3600B /* ProductByCategoryColCell.xib */; };
		7569B71A93AAEFB2C3731C06 /* Pods_USA_Sport_Zone.framework in Frameworks */ = {isa = PBXBuildFile; fileRef = 594CDA108E55A1157A6ABB8A /* Pods_USA_Sport_Zone.framework */; };
		CE54467C262E1184004D656A /* Full.swift in Sources */ = {isa = PBXBuildFile; fileRef = CE544664262E1183004D656A /* Full.swift */; };
		CE54467D262E1184004D656A /* GetSelf.swift in Sources */ = {isa = PBXBuildFile; fileRef = CE544665262E1183004D656A /* GetSelf.swift */; };
		CE54467E262E1184004D656A /* Replies.swift in Sources */ = {isa = PBXBuildFile; fileRef = CE544666262E1183004D656A /* Replies.swift */; };
		CE54467F262E1184004D656A /* Guid.swift in Sources */ = {isa = PBXBuildFile; fileRef = CE544667262E1183004D656A /* Guid.swift */; };
		CE544680262E1184004D656A /* Collection.swift in Sources */ = {isa = PBXBuildFile; fileRef = CE544668262E1183004D656A /* Collection.swift */; };
		CE544681262E1184004D656A /* Media_details.swift in Sources */ = {isa = PBXBuildFile; fileRef = CE544669262E1183004D656A /* Media_details.swift */; };
		CE544682262E1184004D656A /* Thumbnail.swift in Sources */ = {isa = PBXBuildFile; fileRef = CE54466A262E1183004D656A /* Thumbnail.swift */; };
		CE544683262E1184004D656A /* Sizes.swift in Sources */ = {isa = PBXBuildFile; fileRef = CE54466B262E1183004D656A /* Sizes.swift */; };
		CE544684262E1184004D656A /* Caption.swift in Sources */ = {isa = PBXBuildFile; fileRef = CE54466C262E1183004D656A /* Caption.swift */; };
		CE544685262E1184004D656A /* Large.swift in Sources */ = {isa = PBXBuildFile; fileRef = CE54466D262E1183004D656A /* Large.swift */; };
		CE544686262E1184004D656A /* About.swift in Sources */ = {isa = PBXBuildFile; fileRef = CE54466E262E1183004D656A /* About.swift */; };
		CE544687262E1184004D656A /* Json4Swift_Base.swift in Sources */ = {isa = PBXBuildFile; fileRef = CE54466F262E1183004D656A /* Json4Swift_Base.swift */; };
		CE544688262E1184004D656A /* Author.swift in Sources */ = {isa = PBXBuildFile; fileRef = CE544670262E1184004D656A /* Author.swift */; };
		CE544689262E1184004D656A /* Featuredmedia.swift in Sources */ = {isa = PBXBuildFile; fileRef = CE544671262E1184004D656A /* Featuredmedia.swift */; };
		CE54468A262E1184004D656A /* _links.swift in Sources */ = {isa = PBXBuildFile; fileRef = CE544672262E1184004D656A /* _links.swift */; };
		CE54468B262E1184004D656A /* Curies.swift in Sources */ = {isa = PBXBuildFile; fileRef = CE544673262E1184004D656A /* Curies.swift */; };
		CE54468C262E1184004D656A /* WpAttachment.swift in Sources */ = {isa = PBXBuildFile; fileRef = CE544674262E1184004D656A /* WpAttachment.swift */; };
		CE54468D262E1184004D656A /* Title.swift in Sources */ = {isa = PBXBuildFile; fileRef = CE544675262E1184004D656A /* Title.swift */; };
		CE54468E262E1184004D656A /* Content.swift in Sources */ = {isa = PBXBuildFile; fileRef = CE544676262E1184004D656A /* Content.swift */; };
		CE54468F262E1184004D656A /* Medium_large.swift in Sources */ = {isa = PBXBuildFile; fileRef = CE544677262E1184004D656A /* Medium_large.swift */; };
		CE544690262E1184004D656A /* _embedded.swift in Sources */ = {isa = PBXBuildFile; fileRef = CE544678262E1184004D656A /* _embedded.swift */; };
		CE544691262E1184004D656A /* Image_meta.swift in Sources */ = {isa = PBXBuildFile; fileRef = CE544679262E1184004D656A /* Image_meta.swift */; };
		CE544692262E1184004D656A /* Twentyseventeen_thumbnail_avatar.swift in Sources */ = {isa = PBXBuildFile; fileRef = CE54467A262E1184004D656A /* Twentyseventeen_thumbnail_avatar.swift */; };
		CE544693262E1184004D656A /* Medium.swift in Sources */ = {isa = PBXBuildFile; fileRef = CE54467B262E1184004D656A /* Medium.swift */; };
		CE54469A262E134C004D656A /* WpFeaturedmedia.swift in Sources */ = {isa = PBXBuildFile; fileRef = CE544699262E134C004D656A /* WpFeaturedmedia.swift */; };
		CECCE8A0262CABD900D240BF /* HomeVC.swift in Sources */ = {isa = PBXBuildFile; fileRef = CECCE89F262CABD900D240BF /* HomeVC.swift */; };
		CECCE8A4262CAC2D00D240BF /* TabbarVC.swift in Sources */ = {isa = PBXBuildFile; fileRef = CECCE8A3262CAC2D00D240BF /* TabbarVC.swift */; };
		CECCE8AC262CACF500D240BF /* ShopVC.swift in Sources */ = {isa = PBXBuildFile; fileRef = CECCE8AB262CACF500D240BF /* ShopVC.swift */; };
		CECCE8B0262CAE3200D240BF /* MoreVC.swift in Sources */ = {isa = PBXBuildFile; fileRef = CECCE8AF262CAE3200D240BF /* MoreVC.swift */; };
		CECCE8B3262CAE7400D240BF /* BaseVC.swift in Sources */ = {isa = PBXBuildFile; fileRef = CECCE8B2262CAE7400D240BF /* BaseVC.swift */; };
		CECCE8B9262CAF7D00D240BF /* AccountCell.swift in Sources */ = {isa = PBXBuildFile; fileRef = CECCE8B8262CAF7D00D240BF /* AccountCell.swift */; };
		CECCE8BC262CB38500D240BF /* CustomClass.swift in Sources */ = {isa = PBXBuildFile; fileRef = CECCE8BB262CB38500D240BF /* CustomClass.swift */; };
		CECCE8BF262CB9A500D240BF /* BlogCell.swift in Sources */ = {isa = PBXBuildFile; fileRef = CECCE8BE262CB9A500D240BF /* BlogCell.swift */; };
/* End PBXBuildFile section */

/* Begin PBXFileReference section */
		112C94F2262C6A7F005A7788 /* USA Sport Zone.app */ = {isa = PBXFileReference; explicitFileType = wrapper.application; includeInIndex = 0; path = "USA Sport Zone.app"; sourceTree = BUILT_PRODUCTS_DIR; };
		112C9506262C6A81005A7788 /* Info.plist */ = {isa = PBXFileReference; lastKnownFileType = text.plist.xml; path = Info.plist; sourceTree = "<group>"; };
		112C9523262C6B7F005A7788 /* Constant.swift */ = {isa = PBXFileReference; fileEncoding = 4; lastKnownFileType = sourcecode.swift; path = Constant.swift; sourceTree = "<group>"; };
		112C9524262C6B7F005A7788 /* MessageConstent.swift */ = {isa = PBXFileReference; fileEncoding = 4; lastKnownFileType = sourcecode.swift; path = MessageConstent.swift; sourceTree = "<group>"; };
		112C9528262C6B8D005A7788 /* AppDelegate.swift */ = {isa = PBXFileReference; fileEncoding = 4; lastKnownFileType = sourcecode.swift; path = AppDelegate.swift; sourceTree = "<group>"; };
		112C953E262C6D1F005A7788 /* NetWorkErrorView.xib */ = {isa = PBXFileReference; fileEncoding = 4; lastKnownFileType = file.xib; path = NetWorkErrorView.xib; sourceTree = "<group>"; };
		112C953F262C6D1F005A7788 /* NetWorkErrorView.swift */ = {isa = PBXFileReference; fileEncoding = 4; lastKnownFileType = sourcecode.swift; path = NetWorkErrorView.swift; sourceTree = "<group>"; };
		112C9545262C6E47005A7788 /* network_error.json */ = {isa = PBXFileReference; fileEncoding = 4; lastKnownFileType = text.json; path = network_error.json; sourceTree = "<group>"; };
		112C954F262C6ED6005A7788 /* CustomNavigationGeneralView.xib */ = {isa = PBXFileReference; fileEncoding = 4; lastKnownFileType = file.xib; path = CustomNavigationGeneralView.xib; sourceTree = "<group>"; };
		112C9550262C6ED6005A7788 /* CustomNavigationView.swift */ = {isa = PBXFileReference; fileEncoding = 4; lastKnownFileType = sourcecode.swift; path = CustomNavigationView.swift; sourceTree = "<group>"; };
		112C9551262C6ED6005A7788 /* CustomNavigationView.xib */ = {isa = PBXFileReference; fileEncoding = 4; lastKnownFileType = file.xib; path = CustomNavigationView.xib; sourceTree = "<group>"; };
		112C9552262C6ED6005A7788 /* CustomNavigationGeneralView.swift */ = {isa = PBXFileReference; fileEncoding = 4; lastKnownFileType = sourcecode.swift; path = CustomNavigationGeneralView.swift; sourceTree = "<group>"; };
		112C9559262C6F02005A7788 /* CommonCellTableViewCell.swift */ = {isa = PBXFileReference; fileEncoding = 4; lastKnownFileType = sourcecode.swift; path = CommonCellTableViewCell.swift; sourceTree = "<group>"; };
		112C9560262C6F5D005A7788 /* BlogVC.swift */ = {isa = PBXFileReference; fileEncoding = 4; lastKnownFileType = sourcecode.swift; path = BlogVC.swift; sourceTree = "<group>"; };
		112C9566262C6F6C005A7788 /* Base */ = {isa = PBXFileReference; lastKnownFileType = file.storyboard; name = Base; path = LaunchScreen.storyboard; sourceTree = "<group>"; };
		112C9568262C6F6C005A7788 /* Base */ = {isa = PBXFileReference; lastKnownFileType = file.storyboard; name = Base; path = Main.storyboard; sourceTree = "<group>"; };
		112C956E262C6F87005A7788 /* USA_Sport_Zone.xcdatamodel */ = {isa = PBXFileReference; lastKnownFileType = wrapper.xcdatamodel; path = USA_Sport_Zone.xcdatamodel; sourceTree = "<group>"; };
		112C9572262C6FC3005A7788 /* Assets.xcassets */ = {isa = PBXFileReference; lastKnownFileType = folder.assetcatalog; path = Assets.xcassets; sourceTree = "<group>"; };
		112C9575262C7046005A7788 /* WebServiceOperation.swift */ = {isa = PBXFileReference; fileEncoding = 4; lastKnownFileType = sourcecode.swift; path = WebServiceOperation.swift; sourceTree = "<group>"; };
		112C9576262C7046005A7788 /* MyWebServiceOperation.swift */ = {isa = PBXFileReference; fileEncoding = 4; lastKnownFileType = sourcecode.swift; path = MyWebServiceOperation.swift; sourceTree = "<group>"; };
		112C957B262C70C8005A7788 /* CustomActivityIndicator.xib */ = {isa = PBXFileReference; fileEncoding = 4; lastKnownFileType = file.xib; path = CustomActivityIndicator.xib; sourceTree = "<group>"; };
		112C957C262C70C8005A7788 /* ClassExtension.swift */ = {isa = PBXFileReference; fileEncoding = 4; lastKnownFileType = sourcecode.swift; path = ClassExtension.swift; sourceTree = "<group>"; };
		112C957D262C70C8005A7788 /* CustomActivityIndicator.swift */ = {isa = PBXFileReference; fileEncoding = 4; lastKnownFileType = sourcecode.swift; path = CustomActivityIndicator.swift; sourceTree = "<group>"; };
		112C957E262C70C8005A7788 /* CustomAdaptiveView.swift */ = {isa = PBXFileReference; fileEncoding = 4; lastKnownFileType = sourcecode.swift; path = CustomAdaptiveView.swift; sourceTree = "<group>"; };
		112C957F262C70C8005A7788 /* Rechability.swift */ = {isa = PBXFileReference; fileEncoding = 4; lastKnownFileType = sourcecode.swift; path = Rechability.swift; sourceTree = "<group>"; };
		1184862E262D37B60077328A /* designableLabel.swift */ = {isa = PBXFileReference; fileEncoding = 4; lastKnownFileType = sourcecode.swift; path = designableLabel.swift; sourceTree = "<group>"; };
		1184862F262D37B60077328A /* designableImage.swift */ = {isa = PBXFileReference; fileEncoding = 4; lastKnownFileType = sourcecode.swift; path = designableImage.swift; sourceTree = "<group>"; };
		11848630262D37B60077328A /* designableButton.swift */ = {isa = PBXFileReference; fileEncoding = 4; lastKnownFileType = sourcecode.swift; path = designableButton.swift; sourceTree = "<group>"; };
		11848631262D37B60077328A /* designableClass.swift */ = {isa = PBXFileReference; fileEncoding = 4; lastKnownFileType = sourcecode.swift; path = designableClass.swift; sourceTree = "<group>"; };
		11848639262D38C60077328A /* ReletedProductCollectionViewCell.swift */ = {isa = PBXFileReference; fileEncoding = 4; lastKnownFileType = sourcecode.swift; path = ReletedProductCollectionViewCell.swift; sourceTree = "<group>"; };
		1184863A262D38C60077328A /* ReletedProductCollectionViewCell.xib */ = {isa = PBXFileReference; fileEncoding = 4; lastKnownFileType = file.xib; path = ReletedProductCollectionViewCell.xib; sourceTree = "<group>"; };
		1184863B262D38C60077328A /* MainItemCollectionViewCell.xib */ = {isa = PBXFileReference; fileEncoding = 4; lastKnownFileType = file.xib; path = MainItemCollectionViewCell.xib; sourceTree = "<group>"; };
		1184863C262D38C60077328A /* ProductCell.swift */ = {isa = PBXFileReference; fileEncoding = 4; lastKnownFileType = sourcecode.swift; path = ProductCell.swift; sourceTree = "<group>"; };
		1184863D262D38C60077328A /* MainItemCollectionViewCell.swift */ = {isa = PBXFileReference; fileEncoding = 4; lastKnownFileType = sourcecode.swift; path = MainItemCollectionViewCell.swift; sourceTree = "<group>"; };
		1184863E262D38C60077328A /* ShopByCategoryItemCollectionViewCell.xib */ = {isa = PBXFileReference; fileEncoding = 4; lastKnownFileType = file.xib; path = ShopByCategoryItemCollectionViewCell.xib; sourceTree = "<group>"; };
		1184863F262D38C60077328A /* ProductCell.xib */ = {isa = PBXFileReference; fileEncoding = 4; lastKnownFileType = file.xib; path = ProductCell.xib; sourceTree = "<group>"; };
		11848640262D38C60077328A /* ShopByCategoryItemCollectionViewCell.swift */ = {isa = PBXFileReference; fileEncoding = 4; lastKnownFileType = sourcecode.swift; path = ShopByCategoryItemCollectionViewCell.swift; sourceTree = "<group>"; };
		1184864A262D38D50077328A /* SingleImageLblCell.swift */ = {isa = PBXFileReference; fileEncoding = 4; lastKnownFileType = sourcecode.swift; path = SingleImageLblCell.swift; sourceTree = "<group>"; };
		1184864B262D38D50077328A /* MainProductTableViewCell.xib */ = {isa = PBXFileReference; fileEncoding = 4; lastKnownFileType = file.xib; path = MainProductTableViewCell.xib; sourceTree = "<group>"; };
		1184864C262D38D50077328A /* SingleImageLblCell.xib */ = {isa = PBXFileReference; fileEncoding = 4; lastKnownFileType = file.xib; path = SingleImageLblCell.xib; sourceTree = "<group>"; };
		1184864D262D38D50077328A /* MainProductTableViewCell.swift */ = {isa = PBXFileReference; fileEncoding = 4; lastKnownFileType = sourcecode.swift; path = MainProductTableViewCell.swift; sourceTree = "<group>"; };
		11848653262D4A630077328A /* CategoryColCell.swift */ = {isa = PBXFileReference; lastKnownFileType = sourcecode.swift; path = CategoryColCell.swift; sourceTree = "<group>"; };
		11848654262D4A630077328A /* CategoryColCell.xib */ = {isa = PBXFileReference; lastKnownFileType = file.xib; path = CategoryColCell.xib; sourceTree = "<group>"; };
		118F0239262DBE1800A3600B /* ProductByCategoryColCell.swift */ = {isa = PBXFileReference; lastKnownFileType = sourcecode.swift; path = ProductByCategoryColCell.swift; sourceTree = "<group>"; };
		118F023A262DBE1800A3600B /* ProductByCategoryColCell.xib */ = {isa = PBXFileReference; lastKnownFileType = file.xib; path = ProductByCategoryColCell.xib; sourceTree = "<group>"; };
		3801CBCBBA5FBF43873EA7CB /* Pods-USA Sport Zone.release.xcconfig */ = {isa = PBXFileReference; includeInIndex = 1; lastKnownFileType = text.xcconfig; name = "Pods-USA Sport Zone.release.xcconfig"; path = "Target Support Files/Pods-USA Sport Zone/Pods-USA Sport Zone.release.xcconfig"; sourceTree = "<group>"; };
		594CDA108E55A1157A6ABB8A /* Pods_USA_Sport_Zone.framework */ = {isa = PBXFileReference; explicitFileType = wrapper.framework; includeInIndex = 0; path = Pods_USA_Sport_Zone.framework; sourceTree = BUILT_PRODUCTS_DIR; };
		9C3A77BECA1DB43D31D8DB4D /* Pods-USA Sport Zone.debug.xcconfig */ = {isa = PBXFileReference; includeInIndex = 1; lastKnownFileType = text.xcconfig; name = "Pods-USA Sport Zone.debug.xcconfig"; path = "Target Support Files/Pods-USA Sport Zone/Pods-USA Sport Zone.debug.xcconfig"; sourceTree = "<group>"; };
		CE544664262E1183004D656A /* Full.swift */ = {isa = PBXFileReference; fileEncoding = 4; lastKnownFileType = sourcecode.swift; path = Full.swift; sourceTree = "<group>"; };
		CE544665262E1183004D656A /* GetSelf.swift */ = {isa = PBXFileReference; fileEncoding = 4; lastKnownFileType = sourcecode.swift; path = GetSelf.swift; sourceTree = "<group>"; };
		CE544666262E1183004D656A /* Replies.swift */ = {isa = PBXFileReference; fileEncoding = 4; lastKnownFileType = sourcecode.swift; path = Replies.swift; sourceTree = "<group>"; };
		CE544667262E1183004D656A /* Guid.swift */ = {isa = PBXFileReference; fileEncoding = 4; lastKnownFileType = sourcecode.swift; path = Guid.swift; sourceTree = "<group>"; };
		CE544668262E1183004D656A /* Collection.swift */ = {isa = PBXFileReference; fileEncoding = 4; lastKnownFileType = sourcecode.swift; path = Collection.swift; sourceTree = "<group>"; };
		CE544669262E1183004D656A /* Media_details.swift */ = {isa = PBXFileReference; fileEncoding = 4; lastKnownFileType = sourcecode.swift; path = Media_details.swift; sourceTree = "<group>"; };
		CE54466A262E1183004D656A /* Thumbnail.swift */ = {isa = PBXFileReference; fileEncoding = 4; lastKnownFileType = sourcecode.swift; path = Thumbnail.swift; sourceTree = "<group>"; };
		CE54466B262E1183004D656A /* Sizes.swift */ = {isa = PBXFileReference; fileEncoding = 4; lastKnownFileType = sourcecode.swift; path = Sizes.swift; sourceTree = "<group>"; };
		CE54466C262E1183004D656A /* Caption.swift */ = {isa = PBXFileReference; fileEncoding = 4; lastKnownFileType = sourcecode.swift; path = Caption.swift; sourceTree = "<group>"; };
		CE54466D262E1183004D656A /* Large.swift */ = {isa = PBXFileReference; fileEncoding = 4; lastKnownFileType = sourcecode.swift; path = Large.swift; sourceTree = "<group>"; };
		CE54466E262E1183004D656A /* About.swift */ = {isa = PBXFileReference; fileEncoding = 4; lastKnownFileType = sourcecode.swift; path = About.swift; sourceTree = "<group>"; };
		CE54466F262E1183004D656A /* Json4Swift_Base.swift */ = {isa = PBXFileReference; fileEncoding = 4; lastKnownFileType = sourcecode.swift; path = Json4Swift_Base.swift; sourceTree = "<group>"; };
		CE544670262E1184004D656A /* Author.swift */ = {isa = PBXFileReference; fileEncoding = 4; lastKnownFileType = sourcecode.swift; path = Author.swift; sourceTree = "<group>"; };
		CE544671262E1184004D656A /* Featuredmedia.swift */ = {isa = PBXFileReference; fileEncoding = 4; lastKnownFileType = sourcecode.swift; path = Featuredmedia.swift; sourceTree = "<group>"; };
		CE544672262E1184004D656A /* _links.swift */ = {isa = PBXFileReference; fileEncoding = 4; lastKnownFileType = sourcecode.swift; path = _links.swift; sourceTree = "<group>"; };
		CE544673262E1184004D656A /* Curies.swift */ = {isa = PBXFileReference; fileEncoding = 4; lastKnownFileType = sourcecode.swift; path = Curies.swift; sourceTree = "<group>"; };
		CE544674262E1184004D656A /* WpAttachment.swift */ = {isa = PBXFileReference; fileEncoding = 4; lastKnownFileType = sourcecode.swift; path = WpAttachment.swift; sourceTree = "<group>"; };
		CE544675262E1184004D656A /* Title.swift */ = {isa = PBXFileReference; fileEncoding = 4; lastKnownFileType = sourcecode.swift; path = Title.swift; sourceTree = "<group>"; };
		CE544676262E1184004D656A /* Content.swift */ = {isa = PBXFileReference; fileEncoding = 4; lastKnownFileType = sourcecode.swift; path = Content.swift; sourceTree = "<group>"; };
		CE544677262E1184004D656A /* Medium_large.swift */ = {isa = PBXFileReference; fileEncoding = 4; lastKnownFileType = sourcecode.swift; path = Medium_large.swift; sourceTree = "<group>"; };
		CE544678262E1184004D656A /* _embedded.swift */ = {isa = PBXFileReference; fileEncoding = 4; lastKnownFileType = sourcecode.swift; path = _embedded.swift; sourceTree = "<group>"; };
		CE544679262E1184004D656A /* Image_meta.swift */ = {isa = PBXFileReference; fileEncoding = 4; lastKnownFileType = sourcecode.swift; path = Image_meta.swift; sourceTree = "<group>"; };
		CE54467A262E1184004D656A /* Twentyseventeen_thumbnail_avatar.swift */ = {isa = PBXFileReference; fileEncoding = 4; lastKnownFileType = sourcecode.swift; path = Twentyseventeen_thumbnail_avatar.swift; sourceTree = "<group>"; };
		CE54467B262E1184004D656A /* Medium.swift */ = {isa = PBXFileReference; fileEncoding = 4; lastKnownFileType = sourcecode.swift; path = Medium.swift; sourceTree = "<group>"; };
		CE544699262E134C004D656A /* WpFeaturedmedia.swift */ = {isa = PBXFileReference; fileEncoding = 4; lastKnownFileType = sourcecode.swift; path = WpFeaturedmedia.swift; sourceTree = "<group>"; };
		CECCE89F262CABD900D240BF /* HomeVC.swift */ = {isa = PBXFileReference; lastKnownFileType = sourcecode.swift; path = HomeVC.swift; sourceTree = "<group>"; };
		CECCE8A3262CAC2D00D240BF /* TabbarVC.swift */ = {isa = PBXFileReference; fileEncoding = 4; lastKnownFileType = sourcecode.swift; path = TabbarVC.swift; sourceTree = "<group>"; };
		CECCE8AB262CACF500D240BF /* ShopVC.swift */ = {isa = PBXFileReference; lastKnownFileType = sourcecode.swift; path = ShopVC.swift; sourceTree = "<group>"; };
		CECCE8AF262CAE3200D240BF /* MoreVC.swift */ = {isa = PBXFileReference; fileEncoding = 4; lastKnownFileType = sourcecode.swift; path = MoreVC.swift; sourceTree = "<group>"; };
		CECCE8B2262CAE7400D240BF /* BaseVC.swift */ = {isa = PBXFileReference; fileEncoding = 4; lastKnownFileType = sourcecode.swift; path = BaseVC.swift; sourceTree = "<group>"; };
		CECCE8B8262CAF7D00D240BF /* AccountCell.swift */ = {isa = PBXFileReference; fileEncoding = 4; lastKnownFileType = sourcecode.swift; path = AccountCell.swift; sourceTree = "<group>"; };
		CECCE8BB262CB38500D240BF /* CustomClass.swift */ = {isa = PBXFileReference; fileEncoding = 4; lastKnownFileType = sourcecode.swift; path = CustomClass.swift; sourceTree = "<group>"; };
		CECCE8BE262CB9A500D240BF /* BlogCell.swift */ = {isa = PBXFileReference; lastKnownFileType = sourcecode.swift; path = BlogCell.swift; sourceTree = "<group>"; };
/* End PBXFileReference section */

/* Begin PBXFrameworksBuildPhase section */
		112C94EF262C6A7F005A7788 /* Frameworks */ = {
			isa = PBXFrameworksBuildPhase;
			buildActionMask = 2147483647;
			files = (
				7569B71A93AAEFB2C3731C06 /* Pods_USA_Sport_Zone.framework in Frameworks */,
			);
			runOnlyForDeploymentPostprocessing = 0;
		};
/* End PBXFrameworksBuildPhase section */

/* Begin PBXGroup section */
		112C94E9262C6A7F005A7788 = {
			isa = PBXGroup;
			children = (
				112C94F4262C6A7F005A7788 /* USA Sport Zone */,
				112C94F3262C6A7F005A7788 /* Products */,
				B30A7BAB9CC776684D194E45 /* Pods */,
				4B4D2DE294EA33A6F8C6D5AC /* Frameworks */,
			);
			sourceTree = "<group>";
		};
		112C94F3262C6A7F005A7788 /* Products */ = {
			isa = PBXGroup;
			children = (
				112C94F2262C6A7F005A7788 /* USA Sport Zone.app */,
			);
			name = Products;
			sourceTree = "<group>";
		};
		112C94F4262C6A7F005A7788 /* USA Sport Zone */ = {
			isa = PBXGroup;
			children = (
				112C951D262C6AF9005A7788 /* BusinessLayer */,
				112C951C262C6AEF005A7788 /* Data Access Layer */,
				112C951B262C6AE1005A7788 /* Presentation Layer */,
				112C9506262C6A81005A7788 /* Info.plist */,
			);
			path = "USA Sport Zone";
			sourceTree = "<group>";
		};
		112C951B262C6AE1005A7788 /* Presentation Layer */ = {
			isa = PBXGroup;
			children = (
				112C955E262C6F35005A7788 /* View */,
				112C955D262C6F18005A7788 /* Controller */,
			);
			path = "Presentation Layer";
			sourceTree = "<group>";
		};
		112C951C262C6AEF005A7788 /* Data Access Layer */ = {
			isa = PBXGroup;
			children = (
				112C956D262C6F87005A7788 /* USA_Sport_Zone.xcdatamodeld */,
			);
			path = "Data Access Layer";
			sourceTree = "<group>";
		};
		112C951D262C6AF9005A7788 /* BusinessLayer */ = {
			isa = PBXGroup;
			children = (
				CE544663262E1183004D656A /* Model Banners */,
				112C953B262C6CD1005A7788 /* CustomView */,
				112C9522262C6B33005A7788 /* AppConstant */,
				112C9521262C6B2A005A7788 /* AppDelegate */,
				112C951F262C6B19005A7788 /* WebServices */,
				112C951E262C6B07005A7788 /* SupportingFiles */,
			);
			path = BusinessLayer;
			sourceTree = "<group>";
		};
		112C951E262C6B07005A7788 /* SupportingFiles */ = {
			isa = PBXGroup;
			children = (
				112C9571262C6F95005A7788 /* Asset */,
				112C9544262C6E20005A7788 /* Animations */,
			);
			path = SupportingFiles;
			sourceTree = "<group>";
		};
		112C951F262C6B19005A7788 /* WebServices */ = {
			isa = PBXGroup;
			children = (
				112C9576262C7046005A7788 /* MyWebServiceOperation.swift */,
				112C9575262C7046005A7788 /* WebServiceOperation.swift */,
			);
			path = WebServices;
			sourceTree = "<group>";
		};
		112C9521262C6B2A005A7788 /* AppDelegate */ = {
			isa = PBXGroup;
			children = (
				112C9528262C6B8D005A7788 /* AppDelegate.swift */,
			);
			path = AppDelegate;
			sourceTree = "<group>";
		};
		112C9522262C6B33005A7788 /* AppConstant */ = {
			isa = PBXGroup;
			children = (
				112C9523262C6B7F005A7788 /* Constant.swift */,
				112C9524262C6B7F005A7788 /* MessageConstent.swift */,
			);
			path = AppConstant;
			sourceTree = "<group>";
		};
		112C953B262C6CD1005A7788 /* CustomView */ = {
			isa = PBXGroup;
			children = (
				11848638262D38C60077328A /* Collection View Cells */,
				1184862D262D37B60077328A /* DesignableClass */,
				112C957A262C70AB005A7788 /* CustomControl */,
				112C9558262C6EE6005A7788 /* Table Cells */,
				112C954E262C6EA8005A7788 /* NavigationHeader */,
				112C953D262C6CEF005A7788 /* NetWorkErrorView */,
			);
			path = CustomView;
			sourceTree = "<group>";
		};
		112C953D262C6CEF005A7788 /* NetWorkErrorView */ = {
			isa = PBXGroup;
			children = (
				112C953F262C6D1F005A7788 /* NetWorkErrorView.swift */,
				112C953E262C6D1F005A7788 /* NetWorkErrorView.xib */,
			);
			path = NetWorkErrorView;
			sourceTree = "<group>";
		};
		112C9544262C6E20005A7788 /* Animations */ = {
			isa = PBXGroup;
			children = (
				112C9545262C6E47005A7788 /* network_error.json */,
			);
			path = Animations;
			sourceTree = "<group>";
		};
		112C954E262C6EA8005A7788 /* NavigationHeader */ = {
			isa = PBXGroup;
			children = (
				112C9552262C6ED6005A7788 /* CustomNavigationGeneralView.swift */,
				112C954F262C6ED6005A7788 /* CustomNavigationGeneralView.xib */,
				112C9550262C6ED6005A7788 /* CustomNavigationView.swift */,
				112C9551262C6ED6005A7788 /* CustomNavigationView.xib */,
			);
			path = NavigationHeader;
			sourceTree = "<group>";
		};
		112C9558262C6EE6005A7788 /* Table Cells */ = {
			isa = PBXGroup;
			children = (
				1184864D262D38D50077328A /* MainProductTableViewCell.swift */,
				1184864B262D38D50077328A /* MainProductTableViewCell.xib */,
				1184864A262D38D50077328A /* SingleImageLblCell.swift */,
				1184864C262D38D50077328A /* SingleImageLblCell.xib */,
				112C9559262C6F02005A7788 /* CommonCellTableViewCell.swift */,
				11848653262D4A630077328A /* CategoryColCell.swift */,
				11848654262D4A630077328A /* CategoryColCell.xib */,
			);
			path = "Table Cells";
			sourceTree = "<group>";
		};
		112C955D262C6F18005A7788 /* Controller */ = {
			isa = PBXGroup;
			children = (
				CECCE8B2262CAE7400D240BF /* BaseVC.swift */,
				CECCE8AA262CACE600D240BF /* ShopVC */,
				CECCE8A7262CAC3E00D240BF /* HomeVC */,
				CECCE8A8262CAC4000D240BF /* MoreVC */,
				CECCE8A6262CAC3400D240BF /* BlogVC */,
				CECCE8A2262CAC2D00D240BF /* TabbarVC */,
			);
			path = Controller;
			sourceTree = "<group>";
		};
		112C955E262C6F35005A7788 /* View */ = {
			isa = PBXGroup;
			children = (
				112C9564262C6F6C005A7788 /* Base.lproj */,
			);
			path = View;
			sourceTree = "<group>";
		};
		112C9564262C6F6C005A7788 /* Base.lproj */ = {
			isa = PBXGroup;
			children = (
				112C9565262C6F6C005A7788 /* LaunchScreen.storyboard */,
				112C9567262C6F6C005A7788 /* Main.storyboard */,
			);
			path = Base.lproj;
			sourceTree = "<group>";
		};
		112C9571262C6F95005A7788 /* Asset */ = {
			isa = PBXGroup;
			children = (
				112C9572262C6FC3005A7788 /* Assets.xcassets */,
			);
			path = Asset;
			sourceTree = "<group>";
		};
		112C957A262C70AB005A7788 /* CustomControl */ = {
			isa = PBXGroup;
			children = (
				CECCE8BB262CB38500D240BF /* CustomClass.swift */,
				112C957C262C70C8005A7788 /* ClassExtension.swift */,
				112C957D262C70C8005A7788 /* CustomActivityIndicator.swift */,
				112C957B262C70C8005A7788 /* CustomActivityIndicator.xib */,
				112C957E262C70C8005A7788 /* CustomAdaptiveView.swift */,
				112C957F262C70C8005A7788 /* Rechability.swift */,
			);
			path = CustomControl;
			sourceTree = "<group>";
		};
		1184862D262D37B60077328A /* DesignableClass */ = {
			isa = PBXGroup;
			children = (
				1184862E262D37B60077328A /* designableLabel.swift */,
				1184862F262D37B60077328A /* designableImage.swift */,
				11848630262D37B60077328A /* designableButton.swift */,
				11848631262D37B60077328A /* designableClass.swift */,
			);
			path = DesignableClass;
			sourceTree = "<group>";
		};
		11848638262D38C60077328A /* Collection View Cells */ = {
			isa = PBXGroup;
			children = (
				11848639262D38C60077328A /* ReletedProductCollectionViewCell.swift */,
				1184863A262D38C60077328A /* ReletedProductCollectionViewCell.xib */,
				1184863D262D38C60077328A /* MainItemCollectionViewCell.swift */,
				1184863B262D38C60077328A /* MainItemCollectionViewCell.xib */,
				11848640262D38C60077328A /* ShopByCategoryItemCollectionViewCell.swift */,
				1184863E262D38C60077328A /* ShopByCategoryItemCollectionViewCell.xib */,
				1184863C262D38C60077328A /* ProductCell.swift */,
				1184863F262D38C60077328A /* ProductCell.xib */,
				118F0239262DBE1800A3600B /* ProductByCategoryColCell.swift */,
				118F023A262DBE1800A3600B /* ProductByCategoryColCell.xib */,
			);
			path = "Collection View Cells";
			sourceTree = "<group>";
		};
		4B4D2DE294EA33A6F8C6D5AC /* Frameworks */ = {
			isa = PBXGroup;
			children = (
				594CDA108E55A1157A6ABB8A /* Pods_USA_Sport_Zone.framework */,
			);
			name = Frameworks;
			sourceTree = "<group>";
		};
		B30A7BAB9CC776684D194E45 /* Pods */ = {
			isa = PBXGroup;
			children = (
				9C3A77BECA1DB43D31D8DB4D /* Pods-USA Sport Zone.debug.xcconfig */,
				3801CBCBBA5FBF43873EA7CB /* Pods-USA Sport Zone.release.xcconfig */,
			);
			path = Pods;
			sourceTree = "<group>";
		};
		CE544663262E1183004D656A /* Model Banners */ = {
			isa = PBXGroup;
			children = (
				CE544664262E1183004D656A /* Full.swift */,
				CE544699262E134C004D656A /* WpFeaturedmedia.swift */,
				CE544665262E1183004D656A /* GetSelf.swift */,
				CE544666262E1183004D656A /* Replies.swift */,
				CE544667262E1183004D656A /* Guid.swift */,
				CE544668262E1183004D656A /* Collection.swift */,
				CE544669262E1183004D656A /* Media_details.swift */,
				CE54466A262E1183004D656A /* Thumbnail.swift */,
				CE54466B262E1183004D656A /* Sizes.swift */,
				CE54466C262E1183004D656A /* Caption.swift */,
				CE54466D262E1183004D656A /* Large.swift */,
				CE54466E262E1183004D656A /* About.swift */,
				CE54466F262E1183004D656A /* Json4Swift_Base.swift */,
				CE544670262E1184004D656A /* Author.swift */,
				CE544671262E1184004D656A /* Featuredmedia.swift */,
				CE544672262E1184004D656A /* _links.swift */,
				CE544673262E1184004D656A /* Curies.swift */,
				CE544674262E1184004D656A /* WpAttachment.swift */,
				CE544675262E1184004D656A /* Title.swift */,
				CE544676262E1184004D656A /* Content.swift */,
				CE544677262E1184004D656A /* Medium_large.swift */,
				CE544678262E1184004D656A /* _embedded.swift */,
				CE544679262E1184004D656A /* Image_meta.swift */,
				CE54467A262E1184004D656A /* Twentyseventeen_thumbnail_avatar.swift */,
				CE54467B262E1184004D656A /* Medium.swift */,
			);
			path = "Model Banners";
			sourceTree = "<group>";
		};
		CECCE8A2262CAC2D00D240BF /* TabbarVC */ = {
			isa = PBXGroup;
			children = (
				CECCE8A3262CAC2D00D240BF /* TabbarVC.swift */,
			);
			path = TabbarVC;
			sourceTree = "<group>";
		};
		CECCE8A6262CAC3400D240BF /* BlogVC */ = {
			isa = PBXGroup;
			children = (
				112C9560262C6F5D005A7788 /* BlogVC.swift */,
				CECCE8BE262CB9A500D240BF /* BlogCell.swift */,
			);
			path = BlogVC;
			sourceTree = "<group>";
		};
		CECCE8A7262CAC3E00D240BF /* HomeVC */ = {
			isa = PBXGroup;
			children = (
				CECCE89F262CABD900D240BF /* HomeVC.swift */,
			);
			path = HomeVC;
			sourceTree = "<group>";
		};
		CECCE8A8262CAC4000D240BF /* MoreVC */ = {
			isa = PBXGroup;
			children = (
				CECCE8B8262CAF7D00D240BF /* AccountCell.swift */,
				CECCE8AF262CAE3200D240BF /* MoreVC.swift */,
			);
			name = MoreVC;
			path = "New Group/MoreVC";
			sourceTree = "<group>";
		};
		CECCE8AA262CACE600D240BF /* ShopVC */ = {
			isa = PBXGroup;
			children = (
				CECCE8AB262CACF500D240BF /* ShopVC.swift */,
			);
			path = ShopVC;
			sourceTree = "<group>";
		};
/* End PBXGroup section */

/* Begin PBXNativeTarget section */
		112C94F1262C6A7F005A7788 /* USA Sport Zone */ = {
			isa = PBXNativeTarget;
			buildConfigurationList = 112C9509262C6A81005A7788 /* Build configuration list for PBXNativeTarget "USA Sport Zone" */;
			buildPhases = (
				E43633302316F2C51DF80165 /* [CP] Check Pods Manifest.lock */,
				112C94EE262C6A7F005A7788 /* Sources */,
				112C94EF262C6A7F005A7788 /* Frameworks */,
				112C94F0262C6A7F005A7788 /* Resources */,
				088320FFFFEED00B91015F79 /* [CP] Embed Pods Frameworks */,
			);
			buildRules = (
			);
			dependencies = (
			);
			name = "USA Sport Zone";
			productName = "USA Sport Zone";
			productReference = 112C94F2262C6A7F005A7788 /* USA Sport Zone.app */;
			productType = "com.apple.product-type.application";
		};
/* End PBXNativeTarget section */

/* Begin PBXProject section */
		112C94EA262C6A7F005A7788 /* Project object */ = {
			isa = PBXProject;
			attributes = {
				LastSwiftUpdateCheck = 1240;
				LastUpgradeCheck = 1240;
				TargetAttributes = {
					112C94F1262C6A7F005A7788 = {
						CreatedOnToolsVersion = 12.4;
					};
				};
			};
			buildConfigurationList = 112C94ED262C6A7F005A7788 /* Build configuration list for PBXProject "USA Sport Zone" */;
			compatibilityVersion = "Xcode 9.3";
			developmentRegion = en;
			hasScannedForEncodings = 0;
			knownRegions = (
				en,
				Base,
			);
			mainGroup = 112C94E9262C6A7F005A7788;
			productRefGroup = 112C94F3262C6A7F005A7788 /* Products */;
			projectDirPath = "";
			projectRoot = "";
			targets = (
				112C94F1262C6A7F005A7788 /* USA Sport Zone */,
			);
		};
/* End PBXProject section */

/* Begin PBXResourcesBuildPhase section */
		112C94F0262C6A7F005A7788 /* Resources */ = {
			isa = PBXResourcesBuildPhase;
			buildActionMask = 2147483647;
			files = (
				112C9540262C6D1F005A7788 /* NetWorkErrorView.xib in Resources */,
				11848656262D4A630077328A /* CategoryColCell.xib in Resources */,
				112C9553262C6ED6005A7788 /* CustomNavigationGeneralView.xib in Resources */,
				112C956A262C6F6C005A7788 /* Main.storyboard in Resources */,
				1184864F262D38D50077328A /* MainProductTableViewCell.xib in Resources */,
				118F023C262DBE1800A3600B /* ProductByCategoryColCell.xib in Resources */,
				112C9569262C6F6C005A7788 /* LaunchScreen.storyboard in Resources */,
				112C9546262C6E47005A7788 /* network_error.json in Resources */,
				112C9580262C70C8005A7788 /* CustomActivityIndicator.xib in Resources */,
				11848643262D38C60077328A /* MainItemCollectionViewCell.xib in Resources */,
				11848646262D38C60077328A /* ShopByCategoryItemCollectionViewCell.xib in Resources */,
				11848642262D38C60077328A /* ReletedProductCollectionViewCell.xib in Resources */,
				11848647262D38C60077328A /* ProductCell.xib in Resources */,
				112C9573262C6FC3005A7788 /* Assets.xcassets in Resources */,
				11848650262D38D50077328A /* SingleImageLblCell.xib in Resources */,
				112C9555262C6ED6005A7788 /* CustomNavigationView.xib in Resources */,
			);
			runOnlyForDeploymentPostprocessing = 0;
		};
/* End PBXResourcesBuildPhase section */

/* Begin PBXShellScriptBuildPhase section */
		088320FFFFEED00B91015F79 /* [CP] Embed Pods Frameworks */ = {
			isa = PBXShellScriptBuildPhase;
			buildActionMask = 2147483647;
			files = (
			);
			inputFileListPaths = (
				"${PODS_ROOT}/Target Support Files/Pods-USA Sport Zone/Pods-USA Sport Zone-frameworks-${CONFIGURATION}-input-files.xcfilelist",
			);
			name = "[CP] Embed Pods Frameworks";
			outputFileListPaths = (
				"${PODS_ROOT}/Target Support Files/Pods-USA Sport Zone/Pods-USA Sport Zone-frameworks-${CONFIGURATION}-output-files.xcfilelist",
			);
			runOnlyForDeploymentPostprocessing = 0;
			shellPath = /bin/sh;
			shellScript = "\"${PODS_ROOT}/Target Support Files/Pods-USA Sport Zone/Pods-USA Sport Zone-frameworks.sh\"\n";
			showEnvVarsInLog = 0;
		};
		E43633302316F2C51DF80165 /* [CP] Check Pods Manifest.lock */ = {
			isa = PBXShellScriptBuildPhase;
			buildActionMask = 2147483647;
			files = (
			);
			inputFileListPaths = (
			);
			inputPaths = (
				"${PODS_PODFILE_DIR_PATH}/Podfile.lock",
				"${PODS_ROOT}/Manifest.lock",
			);
			name = "[CP] Check Pods Manifest.lock";
			outputFileListPaths = (
			);
			outputPaths = (
				"$(DERIVED_FILE_DIR)/Pods-USA Sport Zone-checkManifestLockResult.txt",
			);
			runOnlyForDeploymentPostprocessing = 0;
			shellPath = /bin/sh;
			shellScript = "diff \"${PODS_PODFILE_DIR_PATH}/Podfile.lock\" \"${PODS_ROOT}/Manifest.lock\" > /dev/null\nif [ $? != 0 ] ; then\n    # print error to STDERR\n    echo \"error: The sandbox is not in sync with the Podfile.lock. Run 'pod install' or update your CocoaPods installation.\" >&2\n    exit 1\nfi\n# This output is used by Xcode 'outputs' to avoid re-running this script phase.\necho \"SUCCESS\" > \"${SCRIPT_OUTPUT_FILE_0}\"\n";
			showEnvVarsInLog = 0;
		};
/* End PBXShellScriptBuildPhase section */

/* Begin PBXSourcesBuildPhase section */
		112C94EE262C6A7F005A7788 /* Sources */ = {
			isa = PBXSourcesBuildPhase;
			buildActionMask = 2147483647;
			files = (
				112C9578262C7046005A7788 /* MyWebServiceOperation.swift in Sources */,
				CE54468F262E1184004D656A /* Medium_large.swift in Sources */,
				CE544689262E1184004D656A /* Featuredmedia.swift in Sources */,
				CECCE8B3262CAE7400D240BF /* BaseVC.swift in Sources */,
				112C9561262C6F5D005A7788 /* BlogVC.swift in Sources */,
				112C9541262C6D1F005A7788 /* NetWorkErrorView.swift in Sources */,
				CE54468E262E1184004D656A /* Content.swift in Sources */,
				11848651262D38D50077328A /* MainProductTableViewCell.swift in Sources */,
				CECCE8A0262CABD900D240BF /* HomeVC.swift in Sources */,
				11848634262D37B60077328A /* designableButton.swift in Sources */,
				CE54467F262E1184004D656A /* Guid.swift in Sources */,
				11848641262D38C60077328A /* ReletedProductCollectionViewCell.swift in Sources */,
				CE544691262E1184004D656A /* Image_meta.swift in Sources */,
				CECCE8BF262CB9A500D240BF /* BlogCell.swift in Sources */,
				112C9581262C70C8005A7788 /* ClassExtension.swift in Sources */,
				CE54468C262E1184004D656A /* WpAttachment.swift in Sources */,
				11848635262D37B60077328A /* designableClass.swift in Sources */,
				11848645262D38C60077328A /* MainItemCollectionViewCell.swift in Sources */,
				CE54467C262E1184004D656A /* Full.swift in Sources */,
				112C9529262C6B8D005A7788 /* AppDelegate.swift in Sources */,
				118F023B262DBE1800A3600B /* ProductByCategoryColCell.swift in Sources */,
				11848632262D37B60077328A /* designableLabel.swift in Sources */,
				CE54468B262E1184004D656A /* Curies.swift in Sources */,
				CE544686262E1184004D656A /* About.swift in Sources */,
				112C9554262C6ED6005A7788 /* CustomNavigationView.swift in Sources */,
				112C9577262C7046005A7788 /* WebServiceOperation.swift in Sources */,
				CECCE8B9262CAF7D00D240BF /* AccountCell.swift in Sources */,
				CE544682262E1184004D656A /* Thumbnail.swift in Sources */,
				11848648262D38C60077328A /* ShopByCategoryItemCollectionViewCell.swift in Sources */,
				112C955A262C6F02005A7788 /* CommonCellTableViewCell.swift in Sources */,
				1184864E262D38D50077328A /* SingleImageLblCell.swift in Sources */,
				CECCE8AC262CACF500D240BF /* ShopVC.swift in Sources */,
				11848644262D38C60077328A /* ProductCell.swift in Sources */,
				CECCE8A4262CAC2D00D240BF /* TabbarVC.swift in Sources */,
				CE54468D262E1184004D656A /* Title.swift in Sources */,
				112C9526262C6B7F005A7788 /* MessageConstent.swift in Sources */,
				CE544685262E1184004D656A /* Large.swift in Sources */,
				112C9556262C6ED6005A7788 /* CustomNavigationGeneralView.swift in Sources */,
				CE544681262E1184004D656A /* Media_details.swift in Sources */,
				112C956F262C6F87005A7788 /* USA_Sport_Zone.xcdatamodeld in Sources */,
				CE544692262E1184004D656A /* Twentyseventeen_thumbnail_avatar.swift in Sources */,
				11848655262D4A630077328A /* CategoryColCell.swift in Sources */,
				11848633262D37B60077328A /* designableImage.swift in Sources */,
				CE544680262E1184004D656A /* Collection.swift in Sources */,
				CE54467E262E1184004D656A /* Replies.swift in Sources */,
				112C9584262C70C8005A7788 /* Rechability.swift in Sources */,
				CE544683262E1184004D656A /* Sizes.swift in Sources */,
				CE54469A262E134C004D656A /* WpFeaturedmedia.swift in Sources */,
				CE54467D262E1184004D656A /* GetSelf.swift in Sources */,
				CE54468A262E1184004D656A /* _links.swift in Sources */,
				CE544684262E1184004D656A /* Caption.swift in Sources */,
				CECCE8B0262CAE3200D240BF /* MoreVC.swift in Sources */,
				CE544693262E1184004D656A /* Medium.swift in Sources */,
				CE544688262E1184004D656A /* Author.swift in Sources */,
				CE544687262E1184004D656A /* Json4Swift_Base.swift in Sources */,
				CE544690262E1184004D656A /* _embedded.swift in Sources */,
				112C9525262C6B7F005A7788 /* Constant.swift in Sources */,
				112C9583262C70C8005A7788 /* CustomAdaptiveView.swift in Sources */,
				CECCE8BC262CB38500D240BF /* CustomClass.swift in Sources */,
				112C9582262C70C8005A7788 /* CustomActivityIndicator.swift in Sources */,
			);
			runOnlyForDeploymentPostprocessing = 0;
		};
/* End PBXSourcesBuildPhase section */

/* Begin PBXVariantGroup section */
		112C9565262C6F6C005A7788 /* LaunchScreen.storyboard */ = {
			isa = PBXVariantGroup;
			children = (
				112C9566262C6F6C005A7788 /* Base */,
			);
			name = LaunchScreen.storyboard;
			sourceTree = "<group>";
		};
		112C9567262C6F6C005A7788 /* Main.storyboard */ = {
			isa = PBXVariantGroup;
			children = (
				112C9568262C6F6C005A7788 /* Base */,
			);
			name = Main.storyboard;
			sourceTree = "<group>";
		};
/* End PBXVariantGroup section */

/* Begin XCBuildConfiguration section */
		112C9507262C6A81005A7788 /* Debug */ = {
			isa = XCBuildConfiguration;
			buildSettings = {
				ALWAYS_SEARCH_USER_PATHS = NO;
				CLANG_ANALYZER_NONNULL = YES;
				CLANG_ANALYZER_NUMBER_OBJECT_CONVERSION = YES_AGGRESSIVE;
				CLANG_CXX_LANGUAGE_STANDARD = "gnu++14";
				CLANG_CXX_LIBRARY = "libc++";
				CLANG_ENABLE_MODULES = YES;
				CLANG_ENABLE_OBJC_ARC = YES;
				CLANG_ENABLE_OBJC_WEAK = YES;
				CLANG_WARN_BLOCK_CAPTURE_AUTORELEASING = YES;
				CLANG_WARN_BOOL_CONVERSION = YES;
				CLANG_WARN_COMMA = YES;
				CLANG_WARN_CONSTANT_CONVERSION = YES;
				CLANG_WARN_DEPRECATED_OBJC_IMPLEMENTATIONS = YES;
				CLANG_WARN_DIRECT_OBJC_ISA_USAGE = YES_ERROR;
				CLANG_WARN_DOCUMENTATION_COMMENTS = YES;
				CLANG_WARN_EMPTY_BODY = YES;
				CLANG_WARN_ENUM_CONVERSION = YES;
				CLANG_WARN_INFINITE_RECURSION = YES;
				CLANG_WARN_INT_CONVERSION = YES;
				CLANG_WARN_NON_LITERAL_NULL_CONVERSION = YES;
				CLANG_WARN_OBJC_IMPLICIT_RETAIN_SELF = YES;
				CLANG_WARN_OBJC_LITERAL_CONVERSION = YES;
				CLANG_WARN_OBJC_ROOT_CLASS = YES_ERROR;
				CLANG_WARN_QUOTED_INCLUDE_IN_FRAMEWORK_HEADER = YES;
				CLANG_WARN_RANGE_LOOP_ANALYSIS = YES;
				CLANG_WARN_STRICT_PROTOTYPES = YES;
				CLANG_WARN_SUSPICIOUS_MOVE = YES;
				CLANG_WARN_UNGUARDED_AVAILABILITY = YES_AGGRESSIVE;
				CLANG_WARN_UNREACHABLE_CODE = YES;
				CLANG_WARN__DUPLICATE_METHOD_MATCH = YES;
				COPY_PHASE_STRIP = NO;
				DEBUG_INFORMATION_FORMAT = dwarf;
				ENABLE_STRICT_OBJC_MSGSEND = YES;
				ENABLE_TESTABILITY = YES;
				GCC_C_LANGUAGE_STANDARD = gnu11;
				GCC_DYNAMIC_NO_PIC = NO;
				GCC_NO_COMMON_BLOCKS = YES;
				GCC_OPTIMIZATION_LEVEL = 0;
				GCC_PREPROCESSOR_DEFINITIONS = (
					"DEBUG=1",
					"$(inherited)",
				);
				GCC_WARN_64_TO_32_BIT_CONVERSION = YES;
				GCC_WARN_ABOUT_RETURN_TYPE = YES_ERROR;
				GCC_WARN_UNDECLARED_SELECTOR = YES;
				GCC_WARN_UNINITIALIZED_AUTOS = YES_AGGRESSIVE;
				GCC_WARN_UNUSED_FUNCTION = YES;
				GCC_WARN_UNUSED_VARIABLE = YES;
				IPHONEOS_DEPLOYMENT_TARGET = 14.4;
				MTL_ENABLE_DEBUG_INFO = INCLUDE_SOURCE;
				MTL_FAST_MATH = YES;
				ONLY_ACTIVE_ARCH = YES;
				SDKROOT = iphoneos;
				SWIFT_ACTIVE_COMPILATION_CONDITIONS = DEBUG;
				SWIFT_OPTIMIZATION_LEVEL = "-Onone";
			};
			name = Debug;
		};
		112C9508262C6A81005A7788 /* Release */ = {
			isa = XCBuildConfiguration;
			buildSettings = {
				ALWAYS_SEARCH_USER_PATHS = NO;
				CLANG_ANALYZER_NONNULL = YES;
				CLANG_ANALYZER_NUMBER_OBJECT_CONVERSION = YES_AGGRESSIVE;
				CLANG_CXX_LANGUAGE_STANDARD = "gnu++14";
				CLANG_CXX_LIBRARY = "libc++";
				CLANG_ENABLE_MODULES = YES;
				CLANG_ENABLE_OBJC_ARC = YES;
				CLANG_ENABLE_OBJC_WEAK = YES;
				CLANG_WARN_BLOCK_CAPTURE_AUTORELEASING = YES;
				CLANG_WARN_BOOL_CONVERSION = YES;
				CLANG_WARN_COMMA = YES;
				CLANG_WARN_CONSTANT_CONVERSION = YES;
				CLANG_WARN_DEPRECATED_OBJC_IMPLEMENTATIONS = YES;
				CLANG_WARN_DIRECT_OBJC_ISA_USAGE = YES_ERROR;
				CLANG_WARN_DOCUMENTATION_COMMENTS = YES;
				CLANG_WARN_EMPTY_BODY = YES;
				CLANG_WARN_ENUM_CONVERSION = YES;
				CLANG_WARN_INFINITE_RECURSION = YES;
				CLANG_WARN_INT_CONVERSION = YES;
				CLANG_WARN_NON_LITERAL_NULL_CONVERSION = YES;
				CLANG_WARN_OBJC_IMPLICIT_RETAIN_SELF = YES;
				CLANG_WARN_OBJC_LITERAL_CONVERSION = YES;
				CLANG_WARN_OBJC_ROOT_CLASS = YES_ERROR;
				CLANG_WARN_QUOTED_INCLUDE_IN_FRAMEWORK_HEADER = YES;
				CLANG_WARN_RANGE_LOOP_ANALYSIS = YES;
				CLANG_WARN_STRICT_PROTOTYPES = YES;
				CLANG_WARN_SUSPICIOUS_MOVE = YES;
				CLANG_WARN_UNGUARDED_AVAILABILITY = YES_AGGRESSIVE;
				CLANG_WARN_UNREACHABLE_CODE = YES;
				CLANG_WARN__DUPLICATE_METHOD_MATCH = YES;
				COPY_PHASE_STRIP = NO;
				DEBUG_INFORMATION_FORMAT = "dwarf-with-dsym";
				ENABLE_NS_ASSERTIONS = NO;
				ENABLE_STRICT_OBJC_MSGSEND = YES;
				GCC_C_LANGUAGE_STANDARD = gnu11;
				GCC_NO_COMMON_BLOCKS = YES;
				GCC_WARN_64_TO_32_BIT_CONVERSION = YES;
				GCC_WARN_ABOUT_RETURN_TYPE = YES_ERROR;
				GCC_WARN_UNDECLARED_SELECTOR = YES;
				GCC_WARN_UNINITIALIZED_AUTOS = YES_AGGRESSIVE;
				GCC_WARN_UNUSED_FUNCTION = YES;
				GCC_WARN_UNUSED_VARIABLE = YES;
				IPHONEOS_DEPLOYMENT_TARGET = 14.4;
				MTL_ENABLE_DEBUG_INFO = NO;
				MTL_FAST_MATH = YES;
				SDKROOT = iphoneos;
				SWIFT_COMPILATION_MODE = wholemodule;
				SWIFT_OPTIMIZATION_LEVEL = "-O";
				VALIDATE_PRODUCT = YES;
			};
			name = Release;
		};
		112C950A262C6A81005A7788 /* Debug */ = {
			isa = XCBuildConfiguration;
			baseConfigurationReference = 9C3A77BECA1DB43D31D8DB4D /* Pods-USA Sport Zone.debug.xcconfig */;
			buildSettings = {
				ASSETCATALOG_COMPILER_APPICON_NAME = AppIcon;
				ASSETCATALOG_COMPILER_GLOBAL_ACCENT_COLOR_NAME = AccentColor;
				CODE_SIGN_STYLE = Automatic;
				DEVELOPMENT_TEAM = GMM5PZTRAF;
				INFOPLIST_FILE = "USA Sport Zone/Info.plist";
				LD_RUNPATH_SEARCH_PATHS = (
					"$(inherited)",
					"@executable_path/Frameworks",
				);
				PRODUCT_BUNDLE_IDENTIFIER = "com.USA-Sport-Zone";
				PRODUCT_NAME = "$(TARGET_NAME)";
				SWIFT_VERSION = 5.0;
				TARGETED_DEVICE_FAMILY = "1,2";
			};
			name = Debug;
		};
		112C950B262C6A81005A7788 /* Release */ = {
			isa = XCBuildConfiguration;
			baseConfigurationReference = 3801CBCBBA5FBF43873EA7CB /* Pods-USA Sport Zone.release.xcconfig */;
			buildSettings = {
				ASSETCATALOG_COMPILER_APPICON_NAME = AppIcon;
				ASSETCATALOG_COMPILER_GLOBAL_ACCENT_COLOR_NAME = AccentColor;
				CODE_SIGN_STYLE = Automatic;
				DEVELOPMENT_TEAM = GMM5PZTRAF;
				INFOPLIST_FILE = "USA Sport Zone/Info.plist";
				LD_RUNPATH_SEARCH_PATHS = (
					"$(inherited)",
					"@executable_path/Frameworks",
				);
				PRODUCT_BUNDLE_IDENTIFIER = "com.USA-Sport-Zone";
				PRODUCT_NAME = "$(TARGET_NAME)";
				SWIFT_VERSION = 5.0;
				TARGETED_DEVICE_FAMILY = "1,2";
			};
			name = Release;
		};
/* End XCBuildConfiguration section */

/* Begin XCConfigurationList section */
		112C94ED262C6A7F005A7788 /* Build configuration list for PBXProject "USA Sport Zone" */ = {
			isa = XCConfigurationList;
			buildConfigurations = (
				112C9507262C6A81005A7788 /* Debug */,
				112C9508262C6A81005A7788 /* Release */,
			);
			defaultConfigurationIsVisible = 0;
			defaultConfigurationName = Release;
		};
		112C9509262C6A81005A7788 /* Build configuration list for PBXNativeTarget "USA Sport Zone" */ = {
			isa = XCConfigurationList;
			buildConfigurations = (
				112C950A262C6A81005A7788 /* Debug */,
				112C950B262C6A81005A7788 /* Release */,
			);
			defaultConfigurationIsVisible = 0;
			defaultConfigurationName = Release;
		};
/* End XCConfigurationList section */

/* Begin XCVersionGroup section */
		112C956D262C6F87005A7788 /* USA_Sport_Zone.xcdatamodeld */ = {
			isa = XCVersionGroup;
			children = (
				112C956E262C6F87005A7788 /* USA_Sport_Zone.xcdatamodel */,
			);
			currentVersion = 112C956E262C6F87005A7788 /* USA_Sport_Zone.xcdatamodel */;
			path = USA_Sport_Zone.xcdatamodeld;
			sourceTree = "<group>";
			versionGroupType = wrapper.xcdatamodel;
		};
/* End XCVersionGroup section */
	};
	rootObject = 112C94EA262C6A7F005A7788 /* Project object */;
}
